
Microsoft Visual Studio Solution File, Format Version 12.00
# Visual Studio Version 16
VisualStudioVersion = 16.0.31129.286
MinimumVisualStudioVersion = 10.0.40219.1
Project("{FAE04EC0-301F-11D3-BF4B-00C04F79EFBC}") = "WorldSkillsYachts", "WorldSkillsYachts\WorldSkillsYachts.csproj", "{F277CD1E-D71E-4D5A-9D01-6293C8A57B4B}"
EndProject
Global
	GlobalSection(SolutionConfigurationPlatforms) = preSolution
		Debug|Any CPU = Debug|Any CPU
		Release|Any CPU = Release|Any CPU
	EndGlobalSection
	GlobalSection(ProjectConfigurationPlatforms) = postSolution
		{F277CD1E-D71E-4D5A-9D01-6293C8A57B4B}.Debug|Any CPU.ActiveCfg = Debug|Any CPU
		{F277CD1E-D71E-4D5A-9D01-6293C8A57B4B}.Debug|Any CPU.Build.0 = Debug|Any CPU
		{F277CD1E-D71E-4D5A-9D01-6293C8A57B4B}.Release|Any CPU.ActiveCfg = Release|Any CPU
		{F277CD1E-D71E-4D5A-9D01-6293C8A57B4B}.Release|Any CPU.Build.0 = Release|Any CPU
	EndGlobalSection
	GlobalSection(SolutionProperties) = preSolution
		HideSolutionNode = FALSE
	EndGlobalSection
	GlobalSection(ExtensibilityGlobals) = postSolution
		SolutionGuid = {F3B0D617-1884-4C6C-BDAC-2662D2AD658A}
	EndGlobalSection
EndGlobal
